// !$*UTF8*$!
{
	archiveVersion = 1;
	classes = {
	};
	objectVersion = 77;
	objects = {

/* Begin PBXContainerItemProxy section */
		A17C9AF12EE8C8DB00995B7E /* PBXContainerItemProxy */ = {
			isa = PBXContainerItemProxy;
			containerPortal = A17C9ACF2EE8C8D900995B7E /* Project object */;
			proxyType = 1;
			remoteGlobalIDString = A17C9AD62EE8C8D900995B7E;
			remoteInfo = "clicky-chicky-eggy-messy";
		};
		A17C9AFB2EE8C8DB00995B7E /* PBXContainerItemProxy */ = {
			isa = PBXContainerItemProxy;
			containerPortal = A17C9ACF2EE8C8D900995B7E /* Project object */;
			proxyType = 1;
			remoteGlobalIDString = A17C9AD62EE8C8D900995B7E;
			remoteInfo = "clicky-chicky-eggy-messy";
		};
/* End PBXContainerItemProxy section */

/* Begin PBXFileReference section */
		A17C9AD72EE8C8D900995B7E /* clicky-chicky-eggy-messy.app */ = {isa = PBXFileReference; explicitFileType = wrapper.application; includeInIndex = 0; path = "clicky-chicky-eggy-messy.app"; sourceTree = BUILT_PRODUCTS_DIR; };
		A17C9AF02EE8C8DB00995B7E /* clicky-chicky-eggy-messyTests.xctest */ = {isa = PBXFileReference; explicitFileType = wrapper.cfbundle; includeInIndex = 0; path = "clicky-chicky-eggy-messyTests.xctest"; sourceTree = BUILT_PRODUCTS_DIR; };
		A17C9AFA2EE8C8DB00995B7E /* clicky-chicky-eggy-messyUITests.xctest */ = {isa = PBXFileReference; explicitFileType = wrapper.cfbundle; includeInIndex = 0; path = "clicky-chicky-eggy-messyUITests.xctest"; sourceTree = BUILT_PRODUCTS_DIR; };
/* End PBXFileReference section */

/* Begin PBXFileSystemSynchronizedRootGroup section */
		A17C9AD92EE8C8D900995B7E /* clicky-chicky-eggy-messy */ = {
			isa = PBXFileSystemSynchronizedRootGroup;
			path = "clicky-chicky-eggy-messy";
			sourceTree = "<group>";
		};
		A17C9AF32EE8C8DB00995B7E /* clicky-chicky-eggy-messyTests */ = {
			isa = PBXFileSystemSynchronizedRootGroup;
			path = "clicky-chicky-eggy-messyTests";
			sourceTree = "<group>";
		};
		A17C9AFD2EE8C8DB00995B7E /* clicky-chicky-eggy-messyUITests */ = {
			isa = PBXFileSystemSynchronizedRootGroup;
			path = "clicky-chicky-eggy-messyUITests";
			sourceTree = "<group>";
		};
/* End PBXFileSystemSynchronizedRootGroup section */

/* Begin PBXFrameworksBuildPhase section */
		A17C9AD42EE8C8D900995B7E /* Frameworks */ = {
			isa = PBXFrameworksBuildPhase;
			buildActionMask = 2147483647;
			files = (
			);
			runOnlyForDeploymentPostprocessing = 0;
		};
		A17C9AED2EE8C8DB00995B7E /* Frameworks */ = {
			isa = PBXFrameworksBuildPhase;
			buildActionMask = 2147483647;
			files = (
			);
			runOnlyForDeploymentPostprocessing = 0;
		};
		A17C9AF72EE8C8DB00995B7E /* Frameworks */ = {
			isa = PBXFrameworksBuildPhase;
			buildActionMask = 2147483647;
			files = (
			);
			runOnlyForDeploymentPostprocessing = 0;
		};
/* End PBXFrameworksBuildPhase section */

/* Begin PBXGroup section */
		A17C9ACE2EE8C8D900995B7E = {
			isa = PBXGroup;
			children = (
				A17C9AD92EE8C8D900995B7E /* clicky-chicky-eggy-messy */,
				A17C9AF32EE8C8DB00995B7E /* clicky-chicky-eggy-messyTests */,
				A17C9AFD2EE8C8DB00995B7E /* clicky-chicky-eggy-messyUITests */,
				A17C9AD82EE8C8D900995B7E /* Products */,
			);
			sourceTree = "<group>";
		};
		A17C9AD82EE8C8D900995B7E /* Products */ = {
			isa = PBXGroup;
			children = (
				A17C9AD72EE8C8D900995B7E /* clicky-chicky-eggy-messy.app */,
				A17C9AF02EE8C8DB00995B7E /* clicky-chicky-eggy-messyTests.xctest */,
				A17C9AFA2EE8C8DB00995B7E /* clicky-chicky-eggy-messyUITests.xctest */,
			);
			name = Products;
			sourceTree = "<group>";
		};
/* End PBXGroup section */

/* Begin PBXNativeTarget section */
		A17C9AD62EE8C8D900995B7E /* clicky-chicky-eggy-messy */ = {
			isa = PBXNativeTarget;
			buildConfigurationList = A17C9B042EE8C8DB00995B7E /* Build configuration list for PBXNativeTarget "clicky-chicky-eggy-messy" */;
			buildPhases = (
				A17C9AD32EE8C8D900995B7E /* Sources */,
				A17C9AD42EE8C8D900995B7E /* Frameworks */,
				A17C9AD52EE8C8D900995B7E /* Resources */,
			);
			buildRules = (
			);
			dependencies = (
			);
			fileSystemSynchronizedGroups = (
				A17C9AD92EE8C8D900995B7E /* clicky-chicky-eggy-messy */,
			);
			name = "clicky-chicky-eggy-messy";
			packageProductDependencies = (
			);
			productName = "clicky-chicky-eggy-messy";
			productReference = A17C9AD72EE8C8D900995B7E /* clicky-chicky-eggy-messy.app */;
			productType = "com.apple.product-type.application";
		};
		A17C9AEF2EE8C8DB00995B7E /* clicky-chicky-eggy-messyTests */ = {
			isa = PBXNativeTarget;
			buildConfigurationList = A17C9B072EE8C8DB00995B7E /* Build configuration list for PBXNativeTarget "clicky-chicky-eggy-messyTests" */;
			buildPhases = (
				A17C9AEC2EE8C8DB00995B7E /* Sources */,
				A17C9AED2EE8C8DB00995B7E /* Frameworks */,
				A17C9AEE2EE8C8DB00995B7E /* Resources */,
			);
			buildRules = (
			);
			dependencies = (
				A17C9AF22EE8C8DB00995B7E /* PBXTargetDependency */,
			);
			fileSystemSynchronizedGroups = (
				A17C9AF32EE8C8DB00995B7E /* clicky-chicky-eggy-messyTests */,
			);
			name = "clicky-chicky-eggy-messyTests";
			packageProductDependencies = (
			);
			productName = "clicky-chicky-eggy-messyTests";
			productReference = A17C9AF02EE8C8DB00995B7E /* clicky-chicky-eggy-messyTests.xctest */;
			productType = "com.apple.product-type.bundle.unit-test";
		};
		A17C9AF92EE8C8DB00995B7E /* clicky-chicky-eggy-messyUITests */ = {
			isa = PBXNativeTarget;
			buildConfigurationList = A17C9B0A2EE8C8DB00995B7E /* Build configuration list for PBXNativeTarget "clicky-chicky-eggy-messyUITests" */;
			buildPhases = (
				A17C9AF62EE8C8DB00995B7E /* Sources */,
				A17C9AF72EE8C8DB00995B7E /* Frameworks */,
				A17C9AF82EE8C8DB00995B7E /* Resources */,
			);
			buildRules = (
			);
			dependencies = (
				A17C9AFC2EE8C8DB00995B7E /* PBXTargetDependency */,
			);
			fileSystemSynchronizedGroups = (
				A17C9AFD2EE8C8DB00995B7E /* clicky-chicky-eggy-messyUITests */,
			);
			name = "clicky-chicky-eggy-messyUITests";
			packageProductDependencies = (
			);
			productName = "clicky-chicky-eggy-messyUITests";
			productReference = A17C9AFA2EE8C8DB00995B7E /* clicky-chicky-eggy-messyUITests.xctest */;
			productType = "com.apple.product-type.bundle.ui-testing";
		};
/* End PBXNativeTarget section */

/* Begin PBXProject section */
		A17C9ACF2EE8C8D900995B7E /* Project object */ = {
			isa = PBXProject;
			attributes = {
				BuildIndependentTargetsInParallel = 1;
				LastSwiftUpdateCheck = 2610;
				LastUpgradeCheck = 2610;
				TargetAttributes = {
					A17C9AD62EE8C8D900995B7E = {
						CreatedOnToolsVersion = 26.1.1;
					};
					A17C9AEF2EE8C8DB00995B7E = {
						CreatedOnToolsVersion = 26.1.1;
						TestTargetID = A17C9AD62EE8C8D900995B7E;
					};
					A17C9AF92EE8C8DB00995B7E = {
						CreatedOnToolsVersion = 26.1.1;
						TestTargetID = A17C9AD62EE8C8D900995B7E;
					};
				};
			};
			buildConfigurationList = A17C9AD22EE8C8D900995B7E /* Build configuration list for PBXProject "clicky-chicky-eggy-messy" */;
			developmentRegion = en;
			hasScannedForEncodings = 0;
			knownRegions = (
				en,
				Base,
			);
			mainGroup = A17C9ACE2EE8C8D900995B7E;
			minimizedProjectReferenceProxies = 1;
			preferredProjectObjectVersion = 77;
			productRefGroup = A17C9AD82EE8C8D900995B7E /* Products */;
			projectDirPath = "";
			projectRoot = "";
			targets = (
				A17C9AD62EE8C8D900995B7E /* clicky-chicky-eggy-messy */,
				A17C9AEF2EE8C8DB00995B7E /* clicky-chicky-eggy-messyTests */,
				A17C9AF92EE8C8DB00995B7E /* clicky-chicky-eggy-messyUITests */,
			);
		};
/* End PBXProject section */

/* Begin PBXResourcesBuildPhase section */
		A17C9AD52EE8C8D900995B7E /* Resources */ = {
			isa = PBXResourcesBuildPhase;
			buildActionMask = 2147483647;
			files = (
			);
			runOnlyForDeploymentPostprocessing = 0;
		};
		A17C9AEE2EE8C8DB00995B7E /* Resources */ = {
			isa = PBXResourcesBuildPhase;
			buildActionMask = 2147483647;
			files = (
			);
			runOnlyForDeploymentPostprocessing = 0;
		};
		A17C9AF82EE8C8DB00995B7E /* Resources */ = {
			isa = PBXResourcesBuildPhase;
			buildActionMask = 2147483647;
			files = (
			);
			runOnlyForDeploymentPostprocessing = 0;
		};
/* End PBXResourcesBuildPhase section */

/* Begin PBXSourcesBuildPhase section */
		A17C9AD32EE8C8D900995B7E /* Sources */ = {
			isa = PBXSourcesBuildPhase;
			buildActionMask = 2147483647;
			files = (
			);
			runOnlyForDeploymentPostprocessing = 0;
		};
		A17C9AEC2EE8C8DB00995B7E /* Sources */ = {
			isa = PBXSourcesBuildPhase;
			buildActionMask = 2147483647;
			files = (
			);
			runOnlyForDeploymentPostprocessing = 0;
		};
		A17C9AF62EE8C8DB00995B7E /* Sources */ = {
			isa = PBXSourcesBuildPhase;
			buildActionMask = 2147483647;
			files = (
			);
			runOnlyForDeploymentPostprocessing = 0;
		};
/* End PBXSourcesBuildPhase section */

/* Begin PBXTargetDependency section */
		A17C9AF22EE8C8DB00995B7E /* PBXTargetDependency */ = {
			isa = PBXTargetDependency;
			target = A17C9AD62EE8C8D900995B7E /* clicky-chicky-eggy-messy */;
			targetProxy = A17C9AF12EE8C8DB00995B7E /* PBXContainerItemProxy */;
		};
		A17C9AFC2EE8C8DB00995B7E /* PBXTargetDependency */ = {
			isa = PBXTargetDependency;
			target = A17C9AD62EE8C8D900995B7E /* clicky-chicky-eggy-messy */;
			targetProxy = A17C9AFB2EE8C8DB00995B7E /* PBXContainerItemProxy */;
		};
/* End PBXTargetDependency section */

/* Begin XCBuildConfiguration section */
		A17C9B022EE8C8DB00995B7E /* Debug */ = {
			isa = XCBuildConfiguration;
			buildSettings = {
				ALWAYS_SEARCH_USER_PATHS = NO;
				ASSETCATALOG_COMPILER_GENERATE_SWIFT_ASSET_SYMBOL_EXTENSIONS = YES;
				CLANG_ANALYZER_NONNULL = YES;
				CLANG_ANALYZER_NUMBER_OBJECT_CONVERSION = YES_AGGRESSIVE;
				CLANG_CXX_LANGUAGE_STANDARD = "gnu++20";
				CLANG_ENABLE_MODULES = YES;
				CLANG_ENABLE_OBJC_ARC = YES;
				CLANG_ENABLE_OBJC_WEAK = YES;
				CLANG_WARN_BLOCK_CAPTURE_AUTORELEASING = YES;
				CLANG_WARN_BOOL_CONVERSION = YES;
				CLANG_WARN_COMMA = YES;
				CLANG_WARN_CONSTANT_CONVERSION = YES;
				CLANG_WARN_DEPRECATED_OBJC_IMPLEMENTATIONS = YES;
				CLANG_WARN_DIRECT_OBJC_ISA_USAGE = YES_ERROR;
				CLANG_WARN_DOCUMENTATION_COMMENTS = YES;
				CLANG_WARN_EMPTY_BODY = YES;
				CLANG_WARN_ENUM_CONVERSION = YES;
				CLANG_WARN_INFINITE_RECURSION = YES;
				CLANG_WARN_INT_CONVERSION = YES;
				CLANG_WARN_NON_LITERAL_NULL_CONVERSION = YES;
				CLANG_WARN_OBJC_IMPLICIT_RETAIN_SELF = YES;
				CLANG_WARN_OBJC_LITERAL_CONVERSION = YES;
				CLANG_WARN_OBJC_ROOT_CLASS = YES_ERROR;
				CLANG_WARN_QUOTED_INCLUDE_IN_FRAMEWORK_HEADER = YES;
				CLANG_WARN_RANGE_LOOP_ANALYSIS = YES;
				CLANG_WARN_STRICT_PROTOTYPES = YES;
				CLANG_WARN_SUSPICIOUS_MOVE = YES;
				CLANG_WARN_UNGUARDED_AVAILABILITY = YES_AGGRESSIVE;
				CLANG_WARN_UNREACHABLE_CODE = YES;
				CLANG_WARN__DUPLICATE_METHOD_MATCH = YES;
				COPY_PHASE_STRIP = NO;
				DEBUG_INFORMATION_FORMAT = dwarf;
				ENABLE_STRICT_OBJC_MSGSEND = YES;
				ENABLE_TESTABILITY = YES;
				ENABLE_USER_SCRIPT_SANDBOXING = YES;
				GCC_C_LANGUAGE_STANDARD = gnu17;
				GCC_DYNAMIC_NO_PIC = NO;
				GCC_NO_COMMON_BLOCKS = YES;
				GCC_OPTIMIZATION_LEVEL = 0;
				GCC_PREPROCESSOR_DEFINITIONS = (
					"DEBUG=1",
					"$(inherited)",
				);
				GCC_WARN_64_TO_32_BIT_CONVERSION = YES;
				GCC_WARN_ABOUT_RETURN_TYPE = YES_ERROR;
				GCC_WARN_UNDECLARED_SELECTOR = YES;
				GCC_WARN_UNINITIALIZED_AUTOS = YES_AGGRESSIVE;
				GCC_WARN_UNUSED_FUNCTION = YES;
				GCC_WARN_UNUSED_VARIABLE = YES;
				IPHONEOS_DEPLOYMENT_TARGET = 26.1;
				LOCALIZATION_PREFERS_STRING_CATALOGS = YES;
				MTL_ENABLE_DEBUG_INFO = INCLUDE_SOURCE;
				MTL_FAST_MATH = YES;
				ONLY_ACTIVE_ARCH = YES;
				SDKROOT = iphoneos;
				SWIFT_ACTIVE_COMPILATION_CONDITIONS = "DEBUG $(inherited)";
				SWIFT_OPTIMIZATION_LEVEL = "-Onone";
			};
			name = Debug;
		};
		A17C9B032EE8C8DB00995B7E /* Release */ = {
			isa = XCBuildConfiguration;
			buildSettings = {
				ALWAYS_SEARCH_USER_PATHS = NO;
				ASSETCATALOG_COMPILER_GENERATE_SWIFT_ASSET_SYMBOL_EXTENSIONS = YES;
				CLANG_ANALYZER_NONNULL = YES;
				CLANG_ANALYZER_NUMBER_OBJECT_CONVERSION = YES_AGGRESSIVE;
				CLANG_CXX_LANGUAGE_STANDARD = "gnu++20";
				CLANG_ENABLE_MODULES = YES;
				CLANG_ENABLE_OBJC_ARC = YES;
				CLANG_ENABLE_OBJC_WEAK = YES;
				CLANG_WARN_BLOCK_CAPTURE_AUTORELEASING = YES;
				CLANG_WARN_BOOL_CONVERSION = YES;
				CLANG_WARN_COMMA = YES;
				CLANG_WARN_CONSTANT_CONVERSION = YES;
				CLANG_WARN_DEPRECATED_OBJC_IMPLEMENTATIONS = YES;
				CLANG_WARN_DIRECT_OBJC_ISA_USAGE = YES_ERROR;
				CLANG_WARN_DOCUMENTATION_COMMENTS = YES;
				CLANG_WARN_EMPTY_BODY = YES;
				CLANG_WARN_ENUM_CONVERSION = YES;
				CLANG_WARN_INFINITE_RECURSION = YES;
				CLANG_WARN_INT_CONVERSION = YES;
				CLANG_WARN_NON_LITERAL_NULL_CONVERSION = YES;
				CLANG_WARN_OBJC_IMPLICIT_RETAIN_SELF = YES;
				CLANG_WARN_OBJC_LITERAL_CONVERSION = YES;
				CLANG_WARN_OBJC_ROOT_CLASS = YES_ERROR;
				CLANG_WARN_QUOTED_INCLUDE_IN_FRAMEWORK_HEADER = YES;
				CLANG_WARN_RANGE_LOOP_ANALYSIS = YES;
				CLANG_WARN_STRICT_PROTOTYPES = YES;
				CLANG_WARN_SUSPICIOUS_MOVE = YES;
				CLANG_WARN_UNGUARDED_AVAILABILITY = YES_AGGRESSIVE;
				CLANG_WARN_UNREACHABLE_CODE = YES;
				CLANG_WARN__DUPLICATE_METHOD_MATCH = YES;
				COPY_PHASE_STRIP = NO;
				DEBUG_INFORMATION_FORMAT = "dwarf-with-dsym";
				ENABLE_NS_ASSERTIONS = NO;
				ENABLE_STRICT_OBJC_MSGSEND = YES;
				ENABLE_USER_SCRIPT_SANDBOXING = YES;
				GCC_C_LANGUAGE_STANDARD = gnu17;
				GCC_NO_COMMON_BLOCKS = YES;
				GCC_WARN_64_TO_32_BIT_CONVERSION = YES;
				GCC_WARN_ABOUT_RETURN_TYPE = YES_ERROR;
				GCC_WARN_UNDECLARED_SELECTOR = YES;
				GCC_WARN_UNINITIALIZED_AUTOS = YES_AGGRESSIVE;
				GCC_WARN_UNUSED_FUNCTION = YES;
				GCC_WARN_UNUSED_VARIABLE = YES;
				IPHONEOS_DEPLOYMENT_TARGET = 26.1;
				LOCALIZATION_PREFERS_STRING_CATALOGS = YES;
				MTL_ENABLE_DEBUG_INFO = NO;
				MTL_FAST_MATH = YES;
				SDKROOT = iphoneos;
				SWIFT_COMPILATION_MODE = wholemodule;
				VALIDATE_PRODUCT = YES;
			};
			name = Release;
		};
		A17C9B052EE8C8DB00995B7E /* Debug */ = {
			isa = XCBuildConfiguration;
			buildSettings = {
				ASSETCATALOG_COMPILER_APPICON_NAME = AppIcon;
				ASSETCATALOG_COMPILER_GLOBAL_ACCENT_COLOR_NAME = AccentColor;
				CODE_SIGN_STYLE = Automatic;
				CURRENT_PROJECT_VERSION = 1;
				DEVELOPMENT_TEAM = 2ZBT5856PF;
				GENERATE_INFOPLIST_FILE = YES;
				INFOPLIST_KEY_UIApplicationSupportsIndirectInputEvents = YES;
				INFOPLIST_KEY_UILaunchStoryboardName = LaunchScreen;
				INFOPLIST_KEY_UIMainStoryboardFile = Main;
				INFOPLIST_KEY_UIStatusBarHidden = YES;
				INFOPLIST_KEY_UISupportedInterfaceOrientations = "UIInterfaceOrientationLandscapeLeft UIInterfaceOrientationLandscapeRight";
				LD_RUNPATH_SEARCH_PATHS = (
					"$(inherited)",
					"@executable_path/Frameworks",
				);
				MARKETING_VERSION = 1.0;
				PRODUCT_BUNDLE_IDENTIFIER = "dreamingofnoodles.clicky-chicky-eggy-messy";
				PRODUCT_NAME = "$(TARGET_NAME)";
				STRING_CATALOG_GENERATE_SYMBOLS = YES;
				SWIFT_APPROACHABLE_CONCURRENCY = YES;
				SWIFT_DEFAULT_ACTOR_ISOLATION = MainActor;
				SWIFT_EMIT_LOC_STRINGS = YES;
				SWIFT_UPCOMING_FEATURE_MEMBER_IMPORT_VISIBILITY = YES;
				SWIFT_VERSION = 5.0;
				TARGETED_DEVICE_FAMILY = 1;
			};
			name = Debug;
		};
		A17C9B062EE8C8DB00995B7E /* Release */ = {
			isa = XCBuildConfiguration;
			buildSettings = {
				ASSETCATALOG_COMPILER_APPICON_NAME = AppIcon;
				ASSETCATALOG_COMPILER_GLOBAL_ACCENT_COLOR_NAME = AccentColor;
				CODE_SIGN_STYLE = Automatic;
				CURRENT_PROJECT_VERSION = 1;
				DEVELOPMENT_TEAM = 2ZBT5856PF;
				GENERATE_INFOPLIST_FILE = YES;
				INFOPLIST_KEY_UIApplicationSupportsIndirectInputEvents = YES;
				INFOPLIST_KEY_UILaunchStoryboardName = LaunchScreen;
				INFOPLIST_KEY_UIMainStoryboardFile = Main;
				INFOPLIST_KEY_UIStatusBarHidden = YES;
				INFOPLIST_KEY_UISupportedInterfaceOrientations = "UIInterfaceOrientationLandscapeLeft UIInterfaceOrientationLandscapeRight";
				LD_RUNPATH_SEARCH_PATHS = (
					"$(inherited)",
					"@executable_path/Frameworks",
				);
				MARKETING_VERSION = 1.0;
				PRODUCT_BUNDLE_IDENTIFIER = "dreamingofnoodles.clicky-chicky-eggy-messy";
				PRODUCT_NAME = "$(TARGET_NAME)";
				STRING_CATALOG_GENERATE_SYMBOLS = YES;
				SWIFT_APPROACHABLE_CONCURRENCY = YES;
				SWIFT_DEFAULT_ACTOR_ISOLATION = MainActor;
				SWIFT_EMIT_LOC_STRINGS = YES;
				SWIFT_UPCOMING_FEATURE_MEMBER_IMPORT_VISIBILITY = YES;
				SWIFT_VERSION = 5.0;
				TARGETED_DEVICE_FAMILY = 1;
			};
			name = Release;
		};
		A17C9B082EE8C8DB00995B7E /* Debug */ = {
			isa = XCBuildConfiguration;
			buildSettings = {
				BUNDLE_LOADER = "$(TEST_HOST)";
				CODE_SIGN_STYLE = Automatic;
				CURRENT_PROJECT_VERSION = 1;
				GENERATE_INFOPLIST_FILE = YES;
				IPHONEOS_DEPLOYMENT_TARGET = 26.1;
				MARKETING_VERSION = 1.0;
				PRODUCT_BUNDLE_IDENTIFIER = "dreamingofnoodles.clicky-chicky-eggy-messyTests";
				PRODUCT_NAME = "$(TARGET_NAME)";
				STRING_CATALOG_GENERATE_SYMBOLS = NO;
				SWIFT_APPROACHABLE_CONCURRENCY = YES;
				SWIFT_EMIT_LOC_STRINGS = NO;
				SWIFT_UPCOMING_FEATURE_MEMBER_IMPORT_VISIBILITY = YES;
				SWIFT_VERSION = 5.0;
				TARGETED_DEVICE_FAMILY = "1,2";
				TEST_HOST = "$(BUILT_PRODUCTS_DIR)/clicky-chicky-eggy-messy.app/$(BUNDLE_EXECUTABLE_FOLDER_PATH)/clicky-chicky-eggy-messy";
			};
			name = Debug;
		};
		A17C9B092EE8C8DB00995B7E /* Release */ = {
			isa = XCBuildConfiguration;
			buildSettings = {
				BUNDLE_LOADER = "$(TEST_HOST)";
				CODE_SIGN_STYLE = Automatic;
				CURRENT_PROJECT_VERSION = 1;
				GENERATE_INFOPLIST_FILE = YES;
				IPHONEOS_DEPLOYMENT_TARGET = 26.1;
				MARKETING_VERSION = 1.0;
				PRODUCT_BUNDLE_IDENTIFIER = "dreamingofnoodles.clicky-chicky-eggy-messyTests";
				PRODUCT_NAME = "$(TARGET_NAME)";
				STRING_CATALOG_GENERATE_SYMBOLS = NO;
				SWIFT_APPROACHABLE_CONCURRENCY = YES;
				SWIFT_EMIT_LOC_STRINGS = NO;
				SWIFT_UPCOMING_FEATURE_MEMBER_IMPORT_VISIBILITY = YES;
				SWIFT_VERSION = 5.0;
				TARGETED_DEVICE_FAMILY = "1,2";
				TEST_HOST = "$(BUILT_PRODUCTS_DIR)/clicky-chicky-eggy-messy.app/$(BUNDLE_EXECUTABLE_FOLDER_PATH)/clicky-chicky-eggy-messy";
			};
			name = Release;
		};
		A17C9B0B2EE8C8DB00995B7E /* Debug */ = {
			isa = XCBuildConfiguration;
			buildSettings = {
				CODE_SIGN_STYLE = Automatic;
				CURRENT_PROJECT_VERSION = 1;
				GENERATE_INFOPLIST_FILE = YES;
				MARKETING_VERSION = 1.0;
				PRODUCT_BUNDLE_IDENTIFIER = "dreamingofnoodles.clicky-chicky-eggy-messyUITests";
				PRODUCT_NAME = "$(TARGET_NAME)";
				STRING_CATALOG_GENERATE_SYMBOLS = NO;
				SWIFT_APPROACHABLE_CONCURRENCY = YES;
				SWIFT_EMIT_LOC_STRINGS = NO;
				SWIFT_UPCOMING_FEATURE_MEMBER_IMPORT_VISIBILITY = YES;
				SWIFT_VERSION = 5.0;
				TARGETED_DEVICE_FAMILY = "1,2";
				TEST_TARGET_NAME = "clicky-chicky-eggy-messy";
			};
			name = Debug;
		};
		A17C9B0C2EE8C8DB00995B7E /* Release */ = {
			isa = XCBuildConfiguration;
			buildSettings = {
				CODE_SIGN_STYLE = Automatic;
				CURRENT_PROJECT_VERSION = 1;
				GENERATE_INFOPLIST_FILE = YES;
				MARKETING_VERSION = 1.0;
				PRODUCT_BUNDLE_IDENTIFIER = "dreamingofnoodles.clicky-chicky-eggy-messyUITests";
				PRODUCT_NAME = "$(TARGET_NAME)";
				STRING_CATALOG_GENERATE_SYMBOLS = NO;
				SWIFT_APPROACHABLE_CONCURRENCY = YES;
				SWIFT_EMIT_LOC_STRINGS = NO;
				SWIFT_UPCOMING_FEATURE_MEMBER_IMPORT_VISIBILITY = YES;
				SWIFT_VERSION = 5.0;
				TARGETED_DEVICE_FAMILY = "1,2";
				TEST_TARGET_NAME = "clicky-chicky-eggy-messy";
			};
			name = Release;
		};
/* End XCBuildConfiguration section */

/* Begin XCConfigurationList section */
		A17C9AD22EE8C8D900995B7E /* Build configuration list for PBXProject "clicky-chicky-eggy-messy" */ = {
			isa = XCConfigurationList;
			buildConfigurations = (
				A17C9B022EE8C8DB00995B7E /* Debug */,
				A17C9B032EE8C8DB00995B7E /* Release */,
			);
			defaultConfigurationIsVisible = 0;
			defaultConfigurationName = Release;
		};
		A17C9B042EE8C8DB00995B7E /* Build configuration list for PBXNativeTarget "clicky-chicky-eggy-messy" */ = {
			isa = XCConfigurationList;
			buildConfigurations = (
				A17C9B052EE8C8DB00995B7E /* Debug */,
				A17C9B062EE8C8DB00995B7E /* Release */,
			);
			defaultConfigurationIsVisible = 0;
			defaultConfigurationName = Release;
		};
		A17C9B072EE8C8DB00995B7E /* Build configuration list for PBXNativeTarget "clicky-chicky-eggy-messyTests" */ = {
			isa = XCConfigurationList;
			buildConfigurations = (
				A17C9B082EE8C8DB00995B7E /* Debug */,
				A17C9B092EE8C8DB00995B7E /* Release */,
			);
			defaultConfigurationIsVisible = 0;
			defaultConfigurationName = Release;
		};
		A17C9B0A2EE8C8DB00995B7E /* Build configuration list for PBXNativeTarget "clicky-chicky-eggy-messyUITests" */ = {
			isa = XCConfigurationList;
			buildConfigurations = (
				A17C9B0B2EE8C8DB00995B7E /* Debug */,
				A17C9B0C2EE8C8DB00995B7E /* Release */,
			);
			defaultConfigurationIsVisible = 0;
			defaultConfigurationName = Release;
		};
/* End XCConfigurationList section */
	};
	rootObject = A17C9ACF2EE8C8D900995B7E /* Project object */;
}
